
Microsoft Visual Studio Solution File, Format Version 12.00
# Visual Studio Version 17
VisualStudioVersion = 17.14.37027.9 d17.14
MinimumVisualStudioVersion = 10.0.40219.1
Project("{FAE04EC0-301F-11D3-BF4B-00C04F79EFBC}") = "GearTrack.Api", "GearTrack.Api\GearTrack.Api.csproj", "{5D6A645F-7536-4556-8E84-AD126F46A220}"
EndProject
Global
	GlobalSection(SolutionConfigurationPlatforms) = preSolution
		Debug|Any CPU = Debug|Any CPU
		Release|Any CPU = Release|Any CPU
	EndGlobalSection
	GlobalSection(ProjectConfigurationPlatforms) = postSolution
		{5D6A645F-7536-4556-8E84-AD126F46A220}.Debug|Any CPU.ActiveCfg = Debug|Any CPU
		{5D6A645F-7536-4556-8E84-AD126F46A220}.Debug|Any CPU.Build.0 = Debug|Any CPU
		{5D6A645F-7536-4556-8E84-AD126F46A220}.Release|Any CPU.ActiveCfg = Release|Any CPU
		{5D6A645F-7536-4556-8E84-AD126F46A220}.Release|Any CPU.Build.0 = Release|Any CPU
	EndGlobalSection
	GlobalSection(SolutionProperties) = preSolution
		HideSolutionNode = FALSE
	EndGlobalSection
	GlobalSection(ExtensibilityGlobals) = postSolution
		SolutionGuid = {07C52905-4289-4CFF-9A6D-8ABAE20239DA}
	EndGlobalSection
EndGlobal
